// !$*UTF8*$!
{
	archiveVersion = 1;
	classes = {
	};
	objectVersion = 48;
	objects = {

/* Begin PBXBuildFile section */
		43B77E6F209196690059B3B1 /* AppDelegate.swift in Sources */ = {isa = PBXBuildFile; fileRef = 43B77E6E209196690059B3B1 /* AppDelegate.swift */; };
		43B77E71209196690059B3B1 /* ViewController.swift in Sources */ = {isa = PBXBuildFile; fileRef = 43B77E70209196690059B3B1 /* ViewController.swift */; };
		43B77E74209196690059B3B1 /* Main.storyboard in Resources */ = {isa = PBXBuildFile; fileRef = 43B77E72209196690059B3B1 /* Main.storyboard */; };
		43B77E76209196690059B3B1 /* Assets.xcassets in Resources */ = {isa = PBXBuildFile; fileRef = 43B77E75209196690059B3B1 /* Assets.xcassets */; };
		43B77E79209196690059B3B1 /* LaunchScreen.storyboard in Resources */ = {isa = PBXBuildFile; fileRef = 43B77E77209196690059B3B1 /* LaunchScreen.storyboard */; };
		43B77E84209196690059B3B1 /* PixelsRockTests.swift in Sources */ = {isa = PBXBuildFile; fileRef = 43B77E83209196690059B3B1 /* PixelsRockTests.swift */; };
		43B77E8F209196690059B3B1 /* PixelsRockUITests.swift in Sources */ = {isa = PBXBuildFile; fileRef = 43B77E8E209196690059B3B1 /* PixelsRockUITests.swift */; };
		43B77E9D209198280059B3B1 /* PixelView.swift in Sources */ = {isa = PBXBuildFile; fileRef = 43B77E9C209198280059B3B1 /* PixelView.swift */; };
		828A812313AA7CE0DA901215 /* Pods_PixelsRock.framework in Frameworks */ = {isa = PBXBuildFile; fileRef = 2E1E89A44EF27963E414DD99 /* Pods_PixelsRock.framework */; };
		85B389EF9DDD1FC3DD7DA152 /* Pods_PixelsRockTests.framework in Frameworks */ = {isa = PBXBuildFile; fileRef = AA45AEEE956B9C53D0803B29 /* Pods_PixelsRockTests.framework */; };
		B5B76CA7227061A99A4ADBB9 /* Pods_PixelsRockUITests.framework in Frameworks */ = {isa = PBXBuildFile; fileRef = 9C1EBB67278387CD020ECA5A /* Pods_PixelsRockUITests.framework */; };
/* End PBXBuildFile section */

/* Begin PBXContainerItemProxy section */
		43B77E80209196690059B3B1 /* PBXContainerItemProxy */ = {
			isa = PBXContainerItemProxy;
			containerPortal = 43B77E63209196690059B3B1 /* Project object */;
			proxyType = 1;
			remoteGlobalIDString = 43B77E6A209196690059B3B1;
			remoteInfo = PixelsRock;
		};
		43B77E8B209196690059B3B1 /* PBXContainerItemProxy */ = {
			isa = PBXContainerItemProxy;
			containerPortal = 43B77E63209196690059B3B1 /* Project object */;
			proxyType = 1;
			remoteGlobalIDString = 43B77E6A209196690059B3B1;
			remoteInfo = PixelsRock;
		};
/* End PBXContainerItemProxy section */

/* Begin PBXFileReference section */
		2E1E89A44EF27963E414DD99 /* Pods_PixelsRock.framework */ = {isa = PBXFileReference; explicitFileType = wrapper.framework; includeInIndex = 0; path = Pods_PixelsRock.framework; sourceTree = BUILT_PRODUCTS_DIR; };
		43B77E6B209196690059B3B1 /* PixelsRock.app */ = {isa = PBXFileReference; explicitFileType = wrapper.application; includeInIndex = 0; path = PixelsRock.app; sourceTree = BUILT_PRODUCTS_DIR; };
		43B77E6E209196690059B3B1 /* AppDelegate.swift */ = {isa = PBXFileReference; lastKnownFileType = sourcecode.swift; path = AppDelegate.swift; sourceTree = "<group>"; };
		43B77E70209196690059B3B1 /* ViewController.swift */ = {isa = PBXFileReference; lastKnownFileType = sourcecode.swift; path = ViewController.swift; sourceTree = "<group>"; };
		43B77E73209196690059B3B1 /* Base */ = {isa = PBXFileReference; lastKnownFileType = file.storyboard; name = Base; path = Base.lproj/Main.storyboard; sourceTree = "<group>"; };
		43B77E75209196690059B3B1 /* Assets.xcassets */ = {isa = PBXFileReference; lastKnownFileType = folder.assetcatalog; path = Assets.xcassets; sourceTree = "<group>"; };
		43B77E78209196690059B3B1 /* Base */ = {isa = PBXFileReference; lastKnownFileType = file.storyboard; name = Base; path = Base.lproj/LaunchScreen.storyboard; sourceTree = "<group>"; };
		43B77E7A209196690059B3B1 /* Info.plist */ = {isa = PBXFileReference; lastKnownFileType = text.plist.xml; path = Info.plist; sourceTree = "<group>"; };
		43B77E7F209196690059B3B1 /* PixelsRockTests.xctest */ = {isa = PBXFileReference; explicitFileType = wrapper.cfbundle; includeInIndex = 0; path = PixelsRockTests.xctest; sourceTree = BUILT_PRODUCTS_DIR; };
		43B77E83209196690059B3B1 /* PixelsRockTests.swift */ = {isa = PBXFileReference; lastKnownFileType = sourcecode.swift; path = PixelsRockTests.swift; sourceTree = "<group>"; };
		43B77E85209196690059B3B1 /* Info.plist */ = {isa = PBXFileReference; lastKnownFileType = text.plist.xml; path = Info.plist; sourceTree = "<group>"; };
		43B77E8A209196690059B3B1 /* PixelsRockUITests.xctest */ = {isa = PBXFileReference; explicitFileType = wrapper.cfbundle; includeInIndex = 0; path = PixelsRockUITests.xctest; sourceTree = BUILT_PRODUCTS_DIR; };
		43B77E8E209196690059B3B1 /* PixelsRockUITests.swift */ = {isa = PBXFileReference; lastKnownFileType = sourcecode.swift; path = PixelsRockUITests.swift; sourceTree = "<group>"; };
		43B77E90209196690059B3B1 /* Info.plist */ = {isa = PBXFileReference; lastKnownFileType = text.plist.xml; path = Info.plist; sourceTree = "<group>"; };
		43B77E9C209198280059B3B1 /* PixelView.swift */ = {isa = PBXFileReference; lastKnownFileType = sourcecode.swift; path = PixelView.swift; sourceTree = "<group>"; };
		43FC77386BE4B03F255645EB /* Pods-PixelsRockUITests.release.xcconfig */ = {isa = PBXFileReference; includeInIndex = 1; lastKnownFileType = text.xcconfig; name = "Pods-PixelsRockUITests.release.xcconfig"; path = "Pods/Target Support Files/Pods-PixelsRockUITests/Pods-PixelsRockUITests.release.xcconfig"; sourceTree = "<group>"; };
		5DF840DBE20689E805A3155C /* Pods-PixelsRockTests.release.xcconfig */ = {isa = PBXFileReference; includeInIndex = 1; lastKnownFileType = text.xcconfig; name = "Pods-PixelsRockTests.release.xcconfig"; path = "Pods/Target Support Files/Pods-PixelsRockTests/Pods-PixelsRockTests.release.xcconfig"; sourceTree = "<group>"; };
		78E5B8CF51D848604BAD0400 /* Pods-PixelsRockTests.debug.xcconfig */ = {isa = PBXFileReference; includeInIndex = 1; lastKnownFileType = text.xcconfig; name = "Pods-PixelsRockTests.debug.xcconfig"; path = "Pods/Target Support Files/Pods-PixelsRockTests/Pods-PixelsRockTests.debug.xcconfig"; sourceTree = "<group>"; };
		88E85E111D6BE874F4E599FE /* Pods-PixelsRock.debug.xcconfig */ = {isa = PBXFileReference; includeInIndex = 1; lastKnownFileType = text.xcconfig; name = "Pods-PixelsRock.debug.xcconfig"; path = "Pods/Target Support Files/Pods-PixelsRock/Pods-PixelsRock.debug.xcconfig"; sourceTree = "<group>"; };
		8DDD4891B39A00EBFAA4B615 /* Pods-PixelsRock.release.xcconfig */ = {isa = PBXFileReference; includeInIndex = 1; lastKnownFileType = text.xcconfig; name = "Pods-PixelsRock.release.xcconfig"; path = "Pods/Target Support Files/Pods-PixelsRock/Pods-PixelsRock.release.xcconfig"; sourceTree = "<group>"; };
		9C1EBB67278387CD020ECA5A /* Pods_PixelsRockUITests.framework */ = {isa = PBXFileReference; explicitFileType = wrapper.framework; includeInIndex = 0; path = Pods_PixelsRockUITests.framework; sourceTree = BUILT_PRODUCTS_DIR; };
		AA45AEEE956B9C53D0803B29 /* Pods_PixelsRockTests.framework */ = {isa = PBXFileReference; explicitFileType = wrapper.framework; includeInIndex = 0; path = Pods_PixelsRockTests.framework; sourceTree = BUILT_PRODUCTS_DIR; };
		C4173E5CA925DF487885A5CA /* Pods-PixelsRockUITests.debug.xcconfig */ = {isa = PBXFileReference; includeInIndex = 1; lastKnownFileType = text.xcconfig; name = "Pods-PixelsRockUITests.debug.xcconfig"; path = "Pods/Target Support Files/Pods-PixelsRockUITests/Pods-PixelsRockUITests.debug.xcconfig"; sourceTree = "<group>"; };
/* End PBXFileReference section */

/* Begin PBXFrameworksBuildPhase section */
		43B77E68209196690059B3B1 /* Frameworks */ = {
			isa = PBXFrameworksBuildPhase;
			buildActionMask = 2147483647;
			files = (
				828A812313AA7CE0DA901215 /* Pods_PixelsRock.framework in Frameworks */,
			);
			runOnlyForDeploymentPostprocessing = 0;
		};
		43B77E7C209196690059B3B1 /* Frameworks */ = {
			isa = PBXFrameworksBuildPhase;
			buildActionMask = 2147483647;
			files = (
				85B389EF9DDD1FC3DD7DA152 /* Pods_PixelsRockTests.framework in Frameworks */,
			);
			runOnlyForDeploymentPostprocessing = 0;
		};
		43B77E87209196690059B3B1 /* Frameworks */ = {
			isa = PBXFrameworksBuildPhase;
			buildActionMask = 2147483647;
			files = (
				B5B76CA7227061A99A4ADBB9 /* Pods_PixelsRockUITests.framework in Frameworks */,
			);
			runOnlyForDeploymentPostprocessing = 0;
		};
/* End PBXFrameworksBuildPhase section */

/* Begin PBXGroup section */
		090ECDCBBA2B58606018ACFB /* Frameworks */ = {
			isa = PBXGroup;
			children = (
				2E1E89A44EF27963E414DD99 /* Pods_PixelsRock.framework */,
				AA45AEEE956B9C53D0803B29 /* Pods_PixelsRockTests.framework */,
				9C1EBB67278387CD020ECA5A /* Pods_PixelsRockUITests.framework */,
			);
			name = Frameworks;
			sourceTree = "<group>";
		};
		43B77E62209196690059B3B1 = {
			isa = PBXGroup;
			children = (
				43B77E6D209196690059B3B1 /* PixelsRock */,
				43B77E82209196690059B3B1 /* PixelsRockTests */,
				43B77E8D209196690059B3B1 /* PixelsRockUITests */,
				43B77E6C209196690059B3B1 /* Products */,
				98F62E9FFB5F51E176493508 /* Pods */,
				090ECDCBBA2B58606018ACFB /* Frameworks */,
			);
			sourceTree = "<group>";
		};
		43B77E6C209196690059B3B1 /* Products */ = {
			isa = PBXGroup;
			children = (
				43B77E6B209196690059B3B1 /* PixelsRock.app */,
				43B77E7F209196690059B3B1 /* PixelsRockTests.xctest */,
				43B77E8A209196690059B3B1 /* PixelsRockUITests.xctest */,
			);
			name = Products;
			sourceTree = "<group>";
		};
		43B77E6D209196690059B3B1 /* PixelsRock */ = {
			isa = PBXGroup;
			children = (
				43B77E6E209196690059B3B1 /* AppDelegate.swift */,
				43B77E9C209198280059B3B1 /* PixelView.swift */,
				43B77E70209196690059B3B1 /* ViewController.swift */,
				43B77E72209196690059B3B1 /* Main.storyboard */,
				43B77E75209196690059B3B1 /* Assets.xcassets */,
				43B77E77209196690059B3B1 /* LaunchScreen.storyboard */,
				43B77E7A209196690059B3B1 /* Info.plist */,
			);
			path = PixelsRock;
			sourceTree = "<group>";
		};
		43B77E82209196690059B3B1 /* PixelsRockTests */ = {
			isa = PBXGroup;
			children = (
				43B77E83209196690059B3B1 /* PixelsRockTests.swift */,
				43B77E85209196690059B3B1 /* Info.plist */,
			);
			path = PixelsRockTests;
			sourceTree = "<group>";
		};
		43B77E8D209196690059B3B1 /* PixelsRockUITests */ = {
			isa = PBXGroup;
			children = (
				43B77E8E209196690059B3B1 /* PixelsRockUITests.swift */,
				43B77E90209196690059B3B1 /* Info.plist */,
			);
			path = PixelsRockUITests;
			sourceTree = "<group>";
		};
		98F62E9FFB5F51E176493508 /* Pods */ = {
			isa = PBXGroup;
			children = (
				88E85E111D6BE874F4E599FE /* Pods-PixelsRock.debug.xcconfig */,
				8DDD4891B39A00EBFAA4B615 /* Pods-PixelsRock.release.xcconfig */,
				78E5B8CF51D848604BAD0400 /* Pods-PixelsRockTests.debug.xcconfig */,
				5DF840DBE20689E805A3155C /* Pods-PixelsRockTests.release.xcconfig */,
				C4173E5CA925DF487885A5CA /* Pods-PixelsRockUITests.debug.xcconfig */,
				43FC77386BE4B03F255645EB /* Pods-PixelsRockUITests.release.xcconfig */,
			);
			name = Pods;
			sourceTree = "<group>";
		};
/* End PBXGroup section */

/* Begin PBXNativeTarget section */
		43B77E6A209196690059B3B1 /* PixelsRock */ = {
			isa = PBXNativeTarget;
			buildConfigurationList = 43B77E93209196690059B3B1 /* Build configuration list for PBXNativeTarget "PixelsRock" */;
			buildPhases = (
				FD6137E407810C25AE2FC0E6 /* [CP] Check Pods Manifest.lock */,
				43B77E67209196690059B3B1 /* Sources */,
				43B77E68209196690059B3B1 /* Frameworks */,
				43B77E69209196690059B3B1 /* Resources */,
				B5B64BCE9D5EC69F9EB5120B /* [CP] Embed Pods Frameworks */,
			);
			buildRules = (
			);
			dependencies = (
			);
			name = PixelsRock;
			productName = PixelsRock;
			productReference = 43B77E6B209196690059B3B1 /* PixelsRock.app */;
			productType = "com.apple.product-type.application";
		};
		43B77E7E209196690059B3B1 /* PixelsRockTests */ = {
			isa = PBXNativeTarget;
			buildConfigurationList = 43B77E96209196690059B3B1 /* Build configuration list for PBXNativeTarget "PixelsRockTests" */;
			buildPhases = (
				81D5CCA6CF3C7B9FA5DEC385 /* [CP] Check Pods Manifest.lock */,
				43B77E7B209196690059B3B1 /* Sources */,
				43B77E7C209196690059B3B1 /* Frameworks */,
				43B77E7D209196690059B3B1 /* Resources */,
			);
			buildRules = (
			);
			dependencies = (
				43B77E81209196690059B3B1 /* PBXTargetDependency */,
			);
			name = PixelsRockTests;
			productName = PixelsRockTests;
			productReference = 43B77E7F209196690059B3B1 /* PixelsRockTests.xctest */;
			productType = "com.apple.product-type.bundle.unit-test";
		};
		43B77E89209196690059B3B1 /* PixelsRockUITests */ = {
			isa = PBXNativeTarget;
			buildConfigurationList = 43B77E99209196690059B3B1 /* Build configuration list for PBXNativeTarget "PixelsRockUITests" */;
			buildPhases = (
				6A0006268AC841DA429BD83A /* [CP] Check Pods Manifest.lock */,
				43B77E86209196690059B3B1 /* Sources */,
				43B77E87209196690059B3B1 /* Frameworks */,
				43B77E88209196690059B3B1 /* Resources */,
			);
			buildRules = (
			);
			dependencies = (
				43B77E8C209196690059B3B1 /* PBXTargetDependency */,
			);
			name = PixelsRockUITests;
			productName = PixelsRockUITests;
			productReference = 43B77E8A209196690059B3B1 /* PixelsRockUITests.xctest */;
			productType = "com.apple.product-type.bundle.ui-testing";
		};
/* End PBXNativeTarget section */

/* Begin PBXProject section */
		43B77E63209196690059B3B1 /* Project object */ = {
			isa = PBXProject;
			attributes = {
				LastSwiftUpdateCheck = 0920;
				LastUpgradeCheck = 0920;
				ORGANIZATIONNAME = "Benjamin Scholtysik";
				TargetAttributes = {
					43B77E6A209196690059B3B1 = {
						CreatedOnToolsVersion = 9.2;
						ProvisioningStyle = Automatic;
					};
					43B77E7E209196690059B3B1 = {
						CreatedOnToolsVersion = 9.2;
						ProvisioningStyle = Automatic;
						TestTargetID = 43B77E6A209196690059B3B1;
					};
					43B77E89209196690059B3B1 = {
						CreatedOnToolsVersion = 9.2;
						ProvisioningStyle = Automatic;
						TestTargetID = 43B77E6A209196690059B3B1;
					};
				};
			};
			buildConfigurationList = 43B77E66209196690059B3B1 /* Build configuration list for PBXProject "PixelsRock" */;
			compatibilityVersion = "Xcode 8.0";
			developmentRegion = en;
			hasScannedForEncodings = 0;
			knownRegions = (
				en,
				Base,
			);
			mainGroup = 43B77E62209196690059B3B1;
			productRefGroup = 43B77E6C209196690059B3B1 /* Products */;
			projectDirPath = "";
			projectRoot = "";
			targets = (
				43B77E6A209196690059B3B1 /* PixelsRock */,
				43B77E7E209196690059B3B1 /* PixelsRockTests */,
				43B77E89209196690059B3B1 /* PixelsRockUITests */,
			);
		};
/* End PBXProject section */

/* Begin PBXResourcesBuildPhase section */
		43B77E69209196690059B3B1 /* Resources */ = {
			isa = PBXResourcesBuildPhase;
			buildActionMask = 2147483647;
			files = (
				43B77E79209196690059B3B1 /* LaunchScreen.storyboard in Resources */,
				43B77E76209196690059B3B1 /* Assets.xcassets in Resources */,
				43B77E74209196690059B3B1 /* Main.storyboard in Resources */,
			);
			runOnlyForDeploymentPostprocessing = 0;
		};
		43B77E7D209196690059B3B1 /* Resources */ = {
			isa = PBXResourcesBuildPhase;
			buildActionMask = 2147483647;
			files = (
			);
			runOnlyForDeploymentPostprocessing = 0;
		};
		43B77E88209196690059B3B1 /* Resources */ = {
			isa = PBXResourcesBuildPhase;
			buildActionMask = 2147483647;
			files = (
			);
			runOnlyForDeploymentPostprocessing = 0;
		};
/* End PBXResourcesBuildPhase section */

/* Begin PBXShellScriptBuildPhase section */
		6A0006268AC841DA429BD83A /* [CP] Check Pods Manifest.lock */ = {
			isa = PBXShellScriptBuildPhase;
			buildActionMask = 2147483647;
			files = (
			);
			inputPaths = (
				"${PODS_PODFILE_DIR_PATH}/Podfile.lock",
				"${PODS_ROOT}/Manifest.lock",
			);
			name = "[CP] Check Pods Manifest.lock";
			outputPaths = (
				"$(DERIVED_FILE_DIR)/Pods-PixelsRockUITests-checkManifestLockResult.txt",
			);
			runOnlyForDeploymentPostprocessing = 0;
			shellPath = /bin/sh;
			shellScript = "diff \"${PODS_PODFILE_DIR_PATH}/Podfile.lock\" \"${PODS_ROOT}/Manifest.lock\" > /dev/null\nif [ $? != 0 ] ; then\n    # print error to STDERR\n    echo \"error: The sandbox is not in sync with the Podfile.lock. Run 'pod install' or update your CocoaPods installation.\" >&2\n    exit 1\nfi\n# This output is used by Xcode 'outputs' to avoid re-running this script phase.\necho \"SUCCESS\" > \"${SCRIPT_OUTPUT_FILE_0}\"\n";
			showEnvVarsInLog = 0;
		};
		81D5CCA6CF3C7B9FA5DEC385 /* [CP] Check Pods Manifest.lock */ = {
			isa = PBXShellScriptBuildPhase;
			buildActionMask = 2147483647;
			files = (
			);
			inputPaths = (
				"${PODS_PODFILE_DIR_PATH}/Podfile.lock",
				"${PODS_ROOT}/Manifest.lock",
			);
			name = "[CP] Check Pods Manifest.lock";
			outputPaths = (
				"$(DERIVED_FILE_DIR)/Pods-PixelsRockTests-checkManifestLockResult.txt",
			);
			runOnlyForDeploymentPostprocessing = 0;
			shellPath = /bin/sh;
			shellScript = "diff \"${PODS_PODFILE_DIR_PATH}/Podfile.lock\" \"${PODS_ROOT}/Manifest.lock\" > /dev/null\nif [ $? != 0 ] ; then\n    # print error to STDERR\n    echo \"error: The sandbox is not in sync with the Podfile.lock. Run 'pod install' or update your CocoaPods installation.\" >&2\n    exit 1\nfi\n# This output is used by Xcode 'outputs' to avoid re-running this script phase.\necho \"SUCCESS\" > \"${SCRIPT_OUTPUT_FILE_0}\"\n";
			showEnvVarsInLog = 0;
		};
		B5B64BCE9D5EC69F9EB5120B /* [CP] Embed Pods Frameworks */ = {
			isa = PBXShellScriptBuildPhase;
			buildActionMask = 2147483647;
			files = (
			);
			inputPaths = (
				"${SRCROOT}/Pods/Target Support Files/Pods-PixelsRock/Pods-PixelsRock-frameworks.sh",
				"${BUILT_PRODUCTS_DIR}/EFColorPicker/EFColorPicker.framework",
			);
			name = "[CP] Embed Pods Frameworks";
			outputPaths = (
				"${TARGET_BUILD_DIR}/${FRAMEWORKS_FOLDER_PATH}/EFColorPicker.framework",
			);
			runOnlyForDeploymentPostprocessing = 0;
			shellPath = /bin/sh;
			shellScript = "\"${SRCROOT}/Pods/Target Support Files/Pods-PixelsRock/Pods-PixelsRock-frameworks.sh\"\n";
			showEnvVarsInLog = 0;
		};
		FD6137E407810C25AE2FC0E6 /* [CP] Check Pods Manifest.lock */ = {
			isa = PBXShellScriptBuildPhase;
			buildActionMask = 2147483647;
			files = (
			);
			inputPaths = (
				"${PODS_PODFILE_DIR_PATH}/Podfile.lock",
				"${PODS_ROOT}/Manifest.lock",
			);
			name = "[CP] Check Pods Manifest.lock";
			outputPaths = (
				"$(DERIVED_FILE_DIR)/Pods-PixelsRock-checkManifestLockResult.txt",
			);
			runOnlyForDeploymentPostprocessing = 0;
			shellPath = /bin/sh;
			shellScript = "diff \"${PODS_PODFILE_DIR_PATH}/Podfile.lock\" \"${PODS_ROOT}/Manifest.lock\" > /dev/null\nif [ $? != 0 ] ; then\n    # print error to STDERR\n    echo \"error: The sandbox is not in sync with the Podfile.lock. Run 'pod install' or update your CocoaPods installation.\" >&2\n    exit 1\nfi\n# This output is used by Xcode 'outputs' to avoid re-running this script phase.\necho \"SUCCESS\" > \"${SCRIPT_OUTPUT_FILE_0}\"\n";
			showEnvVarsInLog = 0;
		};
/* End PBXShellScriptBuildPhase section */

/* Begin PBXSourcesBuildPhase section */
		43B77E67209196690059B3B1 /* Sources */ = {
			isa = PBXSourcesBuildPhase;
			buildActionMask = 2147483647;
			files = (
				43B77E71209196690059B3B1 /* ViewController.swift in Sources */,
				43B77E9D209198280059B3B1 /* PixelView.swift in Sources */,
				43B77E6F209196690059B3B1 /* AppDelegate.swift in Sources */,
			);
			runOnlyForDeploymentPostprocessing = 0;
		};
		43B77E7B209196690059B3B1 /* Sources */ = {
			isa = PBXSourcesBuildPhase;
			buildActionMask = 2147483647;
			files = (
				43B77E84209196690059B3B1 /* PixelsRockTests.swift in Sources */,
			);
			runOnlyForDeploymentPostprocessing = 0;
		};
		43B77E86209196690059B3B1 /* Sources */ = {
			isa = PBXSourcesBuildPhase;
			buildActionMask = 2147483647;
			files = (
				43B77E8F209196690059B3B1 /* PixelsRockUITests.swift in Sources */,
			);
			runOnlyForDeploymentPostprocessing = 0;
		};
/* End PBXSourcesBuildPhase section */

/* Begin PBXTargetDependency section */
		43B77E81209196690059B3B1 /* PBXTargetDependency */ = {
			isa = PBXTargetDependency;
			target = 43B77E6A209196690059B3B1 /* PixelsRock */;
			targetProxy = 43B77E80209196690059B3B1 /* PBXContainerItemProxy */;
		};
		43B77E8C209196690059B3B1 /* PBXTargetDependency */ = {
			isa = PBXTargetDependency;
			target = 43B77E6A209196690059B3B1 /* PixelsRock */;
			targetProxy = 43B77E8B209196690059B3B1 /* PBXContainerItemProxy */;
		};
/* End PBXTargetDependency section */

/* Begin PBXVariantGroup section */
		43B77E72209196690059B3B1 /* Main.storyboard */ = {
			isa = PBXVariantGroup;
			children = (
				43B77E73209196690059B3B1 /* Base */,
			);
			name = Main.storyboard;
			sourceTree = "<group>";
		};
		43B77E77209196690059B3B1 /* LaunchScreen.storyboard */ = {
			isa = PBXVariantGroup;
			children = (
				43B77E78209196690059B3B1 /* Base */,
			);
			name = LaunchScreen.storyboard;
			sourceTree = "<group>";
		};
/* End PBXVariantGroup section */

/* Begin XCBuildConfiguration section */
		43B77E91209196690059B3B1 /* Debug */ = {
			isa = XCBuildConfiguration;
			buildSettings = {
				ALWAYS_SEARCH_USER_PATHS = NO;
				CLANG_ANALYZER_NONNULL = YES;
				CLANG_ANALYZER_NUMBER_OBJECT_CONVERSION = YES_AGGRESSIVE;
				CLANG_CXX_LANGUAGE_STANDARD = "gnu++14";
				CLANG_CXX_LIBRARY = "libc++";
				CLANG_ENABLE_MODULES = YES;
				CLANG_ENABLE_OBJC_ARC = YES;
				CLANG_WARN_BLOCK_CAPTURE_AUTORELEASING = YES;
				CLANG_WARN_BOOL_CONVERSION = YES;
				CLANG_WARN_COMMA = YES;
				CLANG_WARN_CONSTANT_CONVERSION = YES;
				CLANG_WARN_DIRECT_OBJC_ISA_USAGE = YES_ERROR;
				CLANG_WARN_DOCUMENTATION_COMMENTS = YES;
				CLANG_WARN_EMPTY_BODY = YES;
				CLANG_WARN_ENUM_CONVERSION = YES;
				CLANG_WARN_INFINITE_RECURSION = YES;
				CLANG_WARN_INT_CONVERSION = YES;
				CLANG_WARN_NON_LITERAL_NULL_CONVERSION = YES;
				CLANG_WARN_OBJC_LITERAL_CONVERSION = YES;
				CLANG_WARN_OBJC_ROOT_CLASS = YES_ERROR;
				CLANG_WARN_RANGE_LOOP_ANALYSIS = YES;
				CLANG_WARN_STRICT_PROTOTYPES = YES;
				CLANG_WARN_SUSPICIOUS_MOVE = YES;
				CLANG_WARN_UNGUARDED_AVAILABILITY = YES_AGGRESSIVE;
				CLANG_WARN_UNREACHABLE_CODE = YES;
				CLANG_WARN__DUPLICATE_METHOD_MATCH = YES;
				CODE_SIGN_IDENTITY = "iPhone Developer";
				COPY_PHASE_STRIP = NO;
				DEBUG_INFORMATION_FORMAT = dwarf;
				ENABLE_STRICT_OBJC_MSGSEND = YES;
				ENABLE_TESTABILITY = YES;
				GCC_C_LANGUAGE_STANDARD = gnu11;
				GCC_DYNAMIC_NO_PIC = NO;
				GCC_NO_COMMON_BLOCKS = YES;
				GCC_OPTIMIZATION_LEVEL = 0;
				GCC_PREPROCESSOR_DEFINITIONS = (
					"DEBUG=1",
					"$(inherited)",
				);
				GCC_WARN_64_TO_32_BIT_CONVERSION = YES;
				GCC_WARN_ABOUT_RETURN_TYPE = YES_ERROR;
				GCC_WARN_UNDECLARED_SELECTOR = YES;
				GCC_WARN_UNINITIALIZED_AUTOS = YES_AGGRESSIVE;
				GCC_WARN_UNUSED_FUNCTION = YES;
				GCC_WARN_UNUSED_VARIABLE = YES;
				IPHONEOS_DEPLOYMENT_TARGET = 11.2;
				MTL_ENABLE_DEBUG_INFO = YES;
				ONLY_ACTIVE_ARCH = YES;
				SDKROOT = iphoneos;
				SWIFT_ACTIVE_COMPILATION_CONDITIONS = DEBUG;
				SWIFT_OPTIMIZATION_LEVEL = "-Onone";
			};
			name = Debug;
		};
		43B77E92209196690059B3B1 /* Release */ = {
			isa = XCBuildConfiguration;
			buildSettings = {
				ALWAYS_SEARCH_USER_PATHS = NO;
				CLANG_ANALYZER_NONNULL = YES;
				CLANG_ANALYZER_NUMBER_OBJECT_CONVERSION = YES_AGGRESSIVE;
				CLANG_CXX_LANGUAGE_STANDARD = "gnu++14";
				CLANG_CXX_LIBRARY = "libc++";
				CLANG_ENABLE_MODULES = YES;
				CLANG_ENABLE_OBJC_ARC = YES;
				CLANG_WARN_BLOCK_CAPTURE_AUTORELEASING = YES;
				CLANG_WARN_BOOL_CONVERSION = YES;
				CLANG_WARN_COMMA = YES;
				CLANG_WARN_CONSTANT_CONVERSION = YES;
				CLANG_WARN_DIRECT_OBJC_ISA_USAGE = YES_ERROR;
				CLANG_WARN_DOCUMENTATION_COMMENTS = YES;
				CLANG_WARN_EMPTY_BODY = YES;
				CLANG_WARN_ENUM_CONVERSION = YES;
				CLANG_WARN_INFINITE_RECURSION = YES;
				CLANG_WARN_INT_CONVERSION = YES;
				CLANG_WARN_NON_LITERAL_NULL_CONVERSION = YES;
				CLANG_WARN_OBJC_LITERAL_CONVERSION = YES;
				CLANG_WARN_OBJC_ROOT_CLASS = YES_ERROR;
				CLANG_WARN_RANGE_LOOP_ANALYSIS = YES;
				CLANG_WARN_STRICT_PROTOTYPES = YES;
				CLANG_WARN_SUSPICIOUS_MOVE = YES;
				CLANG_WARN_UNGUARDED_AVAILABILITY = YES_AGGRESSIVE;
				CLANG_WARN_UNREACHABLE_CODE = YES;
				CLANG_WARN__DUPLICATE_METHOD_MATCH = YES;
				CODE_SIGN_IDENTITY = "iPhone Developer";
				COPY_PHASE_STRIP = NO;
				DEBUG_INFORMATION_FORMAT = "dwarf-with-dsym";
				ENABLE_NS_ASSERTIONS = NO;
				ENABLE_STRICT_OBJC_MSGSEND = YES;
				GCC_C_LANGUAGE_STANDARD = gnu11;
				GCC_NO_COMMON_BLOCKS = YES;
				GCC_WARN_64_TO_32_BIT_CONVERSION = YES;
				GCC_WARN_ABOUT_RETURN_TYPE = YES_ERROR;
				GCC_WARN_UNDECLARED_SELECTOR = YES;
				GCC_WARN_UNINITIALIZED_AUTOS = YES_AGGRESSIVE;
				GCC_WARN_UNUSED_FUNCTION = YES;
				GCC_WARN_UNUSED_VARIABLE = YES;
				IPHONEOS_DEPLOYMENT_TARGET = 11.2;
				MTL_ENABLE_DEBUG_INFO = NO;
				SDKROOT = iphoneos;
				SWIFT_OPTIMIZATION_LEVEL = "-Owholemodule";
				VALIDATE_PRODUCT = YES;
			};
			name = Release;
		};
		43B77E94209196690059B3B1 /* Debug */ = {
			isa = XCBuildConfiguration;
			baseConfigurationReference = 88E85E111D6BE874F4E599FE /* Pods-PixelsRock.debug.xcconfig */;
			buildSettings = {
				ASSETCATALOG_COMPILER_APPICON_NAME = AppIcon;
				CODE_SIGN_STYLE = Automatic;
				INFOPLIST_FILE = PixelsRock/Info.plist;
				LD_RUNPATH_SEARCH_PATHS = "$(inherited) @executable_path/Frameworks";
				PRODUCT_BUNDLE_IDENTIFIER = de.elektrojunge.PixelsRock;
				PRODUCT_NAME = "$(TARGET_NAME)";
				SWIFT_VERSION = 4.0;
				TARGETED_DEVICE_FAMILY = "1,2";
			};
			name = Debug;
		};
		43B77E95209196690059B3B1 /* Release */ = {
			isa = XCBuildConfiguration;
			baseConfigurationReference = 8DDD4891B39A00EBFAA4B615 /* Pods-PixelsRock.release.xcconfig */;
			buildSettings = {
				ASSETCATALOG_COMPILER_APPICON_NAME = AppIcon;
				CODE_SIGN_STYLE = Automatic;
				INFOPLIST_FILE = PixelsRock/Info.plist;
				LD_RUNPATH_SEARCH_PATHS = "$(inherited) @executable_path/Frameworks";
				PRODUCT_BUNDLE_IDENTIFIER = de.elektrojunge.PixelsRock;
				PRODUCT_NAME = "$(TARGET_NAME)";
				SWIFT_VERSION = 4.0;
				TARGETED_DEVICE_FAMILY = "1,2";
			};
			name = Release;
		};
		43B77E97209196690059B3B1 /* Debug */ = {
			isa = XCBuildConfiguration;
			baseConfigurationReference = 78E5B8CF51D848604BAD0400 /* Pods-PixelsRockTests.debug.xcconfig */;
			buildSettings = {
				ALWAYS_EMBED_SWIFT_STANDARD_LIBRARIES = YES;
				BUNDLE_LOADER = "$(TEST_HOST)";
				CODE_SIGN_STYLE = Automatic;
				INFOPLIST_FILE = PixelsRockTests/Info.plist;
				LD_RUNPATH_SEARCH_PATHS = "$(inherited) @executable_path/Frameworks @loader_path/Frameworks";
				PRODUCT_BUNDLE_IDENTIFIER = de.elektrojunge.PixelsRockTests;
				PRODUCT_NAME = "$(TARGET_NAME)";
				SWIFT_VERSION = 4.0;
				TARGETED_DEVICE_FAMILY = "1,2";
				TEST_HOST = "$(BUILT_PRODUCTS_DIR)/PixelsRock.app/PixelsRock";
			};
			name = Debug;
		};
		43B77E98209196690059B3B1 /* Release */ = {
			isa = XCBuildConfiguration;
			baseConfigurationReference = 5DF840DBE20689E805A3155C /* Pods-PixelsRockTests.release.xcconfig */;
			buildSettings = {
				ALWAYS_EMBED_SWIFT_STANDARD_LIBRARIES = YES;
				BUNDLE_LOADER = "$(TEST_HOST)";
				CODE_SIGN_STYLE = Automatic;
				INFOPLIST_FILE = PixelsRockTests/Info.plist;
				LD_RUNPATH_SEARCH_PATHS = "$(inherited) @executable_path/Frameworks @loader_path/Frameworks";
				PRODUCT_BUNDLE_IDENTIFIER = de.elektrojunge.PixelsRockTests;
				PRODUCT_NAME = "$(TARGET_NAME)";
				SWIFT_VERSION = 4.0;
				TARGETED_DEVICE_FAMILY = "1,2";
				TEST_HOST = "$(BUILT_PRODUCTS_DIR)/PixelsRock.app/PixelsRock";
			};
			name = Release;
		};
		43B77E9A209196690059B3B1 /* Debug */ = {
			isa = XCBuildConfiguration;
			baseConfigurationReference = C4173E5CA925DF487885A5CA /* Pods-PixelsRockUITests.debug.xcconfig */;
			buildSettings = {
				ALWAYS_EMBED_SWIFT_STANDARD_LIBRARIES = YES;
				CODE_SIGN_STYLE = Automatic;
				INFOPLIST_FILE = PixelsRockUITests/Info.plist;
				LD_RUNPATH_SEARCH_PATHS = "$(inherited) @executable_path/Frameworks @loader_path/Frameworks";
				PRODUCT_BUNDLE_IDENTIFIER = de.elektrojunge.PixelsRockUITests;
				PRODUCT_NAME = "$(TARGET_NAME)";
				SWIFT_VERSION = 4.0;
				TARGETED_DEVICE_FAMILY = "1,2";
				TEST_TARGET_NAME = PixelsRock;
			};
			name = Debug;
		};
		43B77E9B209196690059B3B1 /* Release */ = {
			isa = XCBuildConfiguration;
			baseConfigurationReference = 43FC77386BE4B03F255645EB /* Pods-PixelsRockUITests.release.xcconfig */;
			buildSettings = {
				ALWAYS_EMBED_SWIFT_STANDARD_LIBRARIES = YES;
				CODE_SIGN_STYLE = Automatic;
				INFOPLIST_FILE = PixelsRockUITests/Info.plist;
				LD_RUNPATH_SEARCH_PATHS = "$(inherited) @executable_path/Frameworks @loader_path/Frameworks";
				PRODUCT_BUNDLE_IDENTIFIER = de.elektrojunge.PixelsRockUITests;
				PRODUCT_NAME = "$(TARGET_NAME)";
				SWIFT_VERSION = 4.0;
				TARGETED_DEVICE_FAMILY = "1,2";
				TEST_TARGET_NAME = PixelsRock;
			};
			name = Release;
		};
/* End XCBuildConfiguration section */

/* Begin XCConfigurationList section */
		43B77E66209196690059B3B1 /* Build configuration list for PBXProject "PixelsRock" */ = {
			isa = XCConfigurationList;
			buildConfigurations = (
				43B77E91209196690059B3B1 /* Debug */,
				43B77E92209196690059B3B1 /* Release */,
			);
			defaultConfigurationIsVisible = 0;
			defaultConfigurationName = Release;
		};
		43B77E93209196690059B3B1 /* Build configuration list for PBXNativeTarget "PixelsRock" */ = {
			isa = XCConfigurationList;
			buildConfigurations = (
				43B77E94209196690059B3B1 /* Debug */,
				43B77E95209196690059B3B1 /* Release */,
			);
			defaultConfigurationIsVisible = 0;
			defaultConfigurationName = Release;
		};
		43B77E96209196690059B3B1 /* Build configuration list for PBXNativeTarget "PixelsRockTests" */ = {
			isa = XCConfigurationList;
			buildConfigurations = (
				43B77E97209196690059B3B1 /* Debug */,
				43B77E98209196690059B3B1 /* Release */,
			);
			defaultConfigurationIsVisible = 0;
			defaultConfigurationName = Release;
		};
		43B77E99209196690059B3B1 /* Build configuration list for PBXNativeTarget "PixelsRockUITests" */ = {
			isa = XCConfigurationList;
			buildConfigurations = (
				43B77E9A209196690059B3B1 /* Debug */,
				43B77E9B209196690059B3B1 /* Release */,
			);
			defaultConfigurationIsVisible = 0;
			defaultConfigurationName = Release;
		};
/* End XCConfigurationList section */
	};
	rootObject = 43B77E63209196690059B3B1 /* Project object */;
}
